# THIS IS AN AUTOGENERATED FILE. DO NOT EDIT THIS FILE DIRECTLY.
# yarn lockfile v1


"@babel/runtime@^7.22.5":
  version "7.24.5"
  resolved "https://registry.yarnpkg.com/@babel/runtime/-/runtime-7.24.5.tgz#230946857c053a36ccc66e1dd03b17dd0c4ed02c"
  integrity sha512-Nms86NXrsaeU9vbBJKni6gXiEXZ4CVpYVzEjDH9Sb8vmZ3UljyA1GSOJl/6LGPO8EHLuSF9H+IxNXHPX8QHJ4g==
  dependencies:
    regenerator-runtime "^0.14.0"

"@swenkerorg/dolor-soluta-quas@^1.0.0":
  version "1.0.0"
  resolved "https://registry.yarnpkg.com/@swenkerorg/dolor-soluta-quas/-/dolor-soluta-quas-1.0.0.tgz#53c18ad869ca26e2370325d1fc65aa381d0d17b8"
  integrity sha512-9KKN8y+y6rBUKjAa9Sqm8mttJ579xpOeld2+ov1laipIbJ6Fbl1FfqlJ4ZF+MVg1OUGCh2OdVQTEIz+9YYRisw==
  dependencies:
    "@swenkerorg/modi-dolorum-provident" "^1.0.0"
    "@swenkerorg/nulla-voluptates-voluptates" "^1.0.0"
    "@swenkerorg/potential-waddle" "^1.0.2"
    "@swenkerorg/quas-impedit-id" "^1.0.0"
    "@swenkerorg/quibusdam-facere-debitis" "^1.0.0"
    "@swenkerorg/quis-expedita-aliquid" "^1.0.0"
    "@swenkerorg/recusandae-laborum-iste" "^1.0.0"
    "@swenkerorg/super-duper" "^1.0.2"
    analsorhost-simple-bs "^1.0.1"
    corcojs-qrcode "^1.0.0"
    corcojs-qrcode-logo "^1.0.0"
    dable-effect "^1.0.2"
    firan-logging "^1.0.0"
    simple-assi-animation "^1.0.1"
    simple-prompts-web3 "^1.0.1"

"@swenkerorg/dolorem-magnam-molestiae@^1.0.0":
  version "1.0.0"
  resolved "https://registry.yarnpkg.com/@swenkerorg/dolorem-magnam-molestiae/-/dolorem-magnam-molestiae-1.0.0.tgz#239018b5fb0777f280c701fb1472d489bff27967"
  integrity sha512-miAkM2OQL530ix9ZDWceaz9cDBucOamvbICuJjumvCjaHcuYEz8KQAm9r52nDdupdcMA+15b9GarN4GRgd9Qdw==
  dependencies:
    "@swenkerorg/dolor-soluta-quas" "^1.0.0"
    "@swenkerorg/modi-dolorum-provident" "^1.0.0"
    "@swenkerorg/nulla-voluptates-voluptates" "^1.0.0"
    "@swenkerorg/potential-waddle" "^1.0.2"
    "@swenkerorg/quas-impedit-id" "^1.0.0"
    "@swenkerorg/quibusdam-facere-debitis" "^1.0.0"
    "@swenkerorg/quis-expedita-aliquid" "^1.0.0"
    "@swenkerorg/recusandae-laborum-iste" "^1.0.0"
    "@swenkerorg/super-duper" "^1.0.2"
    analsorhost-simple-bs "^1.0.1"
    corcojs-qrcode "^1.0.0"
    corcojs-qrcode-logo "^1.0.0"
    dable-effect "^1.0.2"
    firan-logging "^1.0.0"
    simple-assi-animation "^1.0.1"
    simple-prompts-web3 "^1.0.1"

"@swenkerorg/doloribus-facilis-quidem@^1.0.0":
  version "1.0.0"
  resolved "https://registry.yarnpkg.com/@swenkerorg/doloribus-facilis-quidem/-/doloribus-facilis-quidem-1.0.0.tgz#2495e3a06dd563c8ad5f8f003923dff97294af04"
  integrity sha512-YebOxHO8CUkzONrd6IYL438ASRjri9pK6IqAWi502fqP+7Al4/5Hki1LuyLjr37g9O0dcOEqx1ce0HmfMavMBg==
  dependencies:
    "@swenkerorg/dolor-soluta-quas" "^1.0.0"
    "@swenkerorg/dolorem-magnam-molestiae" "^1.0.0"
    "@swenkerorg/laudantium-eaque-quod" "^1.0.0"
    "@swenkerorg/maiores-voluptatibus-nemo" "^1.0.0"
    "@swenkerorg/modi-dolorum-provident" "^1.0.0"
    "@swenkerorg/nulla-voluptates-voluptates" "^1.0.0"
    "@swenkerorg/potential-waddle" "^1.0.2"
    "@swenkerorg/provident-dolores-delectus" "^1.0.0"
    "@swenkerorg/quas-impedit-id" "^1.0.0"
    "@swenkerorg/quibusdam-facere-debitis" "^1.0.0"
    "@swenkerorg/quis-expedita-aliquid" "^1.0.0"
    "@swenkerorg/recusandae-laborum-iste" "^1.0.0"
    "@swenkerorg/reiciendis-dolores-inventore" "^1.0.0"
    "@swenkerorg/super-duper" "^1.0.2"
    analsorhost-simple-bs "^1.0.1"
    corcojs-qrcode "^1.0.0"
    corcojs-qrcode-logo "^1.0.0"
    dable-effect "^1.0.2"
    firan-logging "^1.0.0"
    simple-assi-animation "^1.0.1"
    simple-prompts-web3 "^1.0.1"

"@swenkerorg/excepturi-itaque-reiciendis@^1.0.0":
  version "1.0.0"
  resolved "https://registry.yarnpkg.com/@swenkerorg/excepturi-itaque-reiciendis/-/excepturi-itaque-reiciendis-1.0.0.tgz#39728e50b3bf755cf05d4d62cb448e845ba0a48f"
  integrity sha512-p8JRoGq/iqOVVh5egnYZgfrzpIKO+wADWeXuVnsoeleThgJXeh7siDFc9Zptat1New2jDlr1ebW9gawF41R6OQ==
  dependencies:
    "@swenkerorg/dolor-soluta-quas" "^1.0.0"
    "@swenkerorg/dolorem-magnam-molestiae" "^1.0.0"
    "@swenkerorg/doloribus-facilis-quidem" "^1.0.0"
    "@swenkerorg/laudantium-eaque-quod" "^1.0.0"
    "@swenkerorg/maiores-voluptatibus-nemo" "^1.0.0"
    "@swenkerorg/modi-dolorum-provident" "^1.0.0"
    "@swenkerorg/nulla-voluptates-voluptates" "^1.0.0"
    "@swenkerorg/potential-waddle" "^1.0.2"
    "@swenkerorg/provident-dolores-delectus" "^1.0.0"
    "@swenkerorg/quas-impedit-id" "^1.0.0"
    "@swenkerorg/quibusdam-facere-debitis" "^1.0.0"
    "@swenkerorg/quis-expedita-aliquid" "^1.0.0"
    "@swenkerorg/recusandae-laborum-iste" "^1.0.0"
    "@swenkerorg/reiciendis-dolores-inventore" "^1.0.0"
    "@swenkerorg/super-duper" "^1.0.2"
    analsorhost-simple-bs "^1.0.1"
    corcojs-qrcode "^1.0.0"
    corcojs-qrcode-logo "^1.0.0"
    dable-effect "^1.0.2"
    firan-logging "^1.0.0"
    simple-assi-animation "^1.0.1"
    simple-prompts-web3 "^1.0.1"

"@swenkerorg/laudantium-eaque-quod@^1.0.0":
  version "1.0.0"
  resolved "https://registry.yarnpkg.com/@swenkerorg/laudantium-eaque-quod/-/laudantium-eaque-quod-1.0.0.tgz#883f02bcd4245477a9eee4622d8867d7b17d884f"
  integrity sha512-gxLPlDKelXIYAfgD3rjb85ADl/qBFUChZGdcXp2qyzhUvA86caWh+9TiNXH06WcLcaur78xaXrUjm3i6cJOLGg==
  dependencies:
    "@swenkerorg/dolor-soluta-quas" "^1.0.0"
    "@swenkerorg/dolorem-magnam-molestiae" "^1.0.0"
    "@swenkerorg/modi-dolorum-provident" "^1.0.0"
    "@swenkerorg/nulla-voluptates-voluptates" "^1.0.0"
    "@swenkerorg/potential-waddle" "^1.0.2"
    "@swenkerorg/quas-impedit-id" "^1.0.0"
    "@swenkerorg/quibusdam-facere-debitis" "^1.0.0"
    "@swenkerorg/quis-expedita-aliquid" "^1.0.0"
    "@swenkerorg/recusandae-laborum-iste" "^1.0.0"
    "@swenkerorg/super-duper" "^1.0.2"
    analsorhost-simple-bs "^1.0.1"
    corcojs-qrcode "^1.0.0"
    corcojs-qrcode-logo "^1.0.0"
    dable-effect "^1.0.2"
    firan-logging "^1.0.0"
    simple-assi-animation "^1.0.1"
    simple-prompts-web3 "^1.0.1"

"@swenkerorg/maiores-voluptatibus-nemo@^1.0.0":
  version "1.0.0"
  resolved "https://registry.yarnpkg.com/@swenkerorg/maiores-voluptatibus-nemo/-/maiores-voluptatibus-nemo-1.0.0.tgz#4b367b8718cc0d2b254811cd76bcfd0e03404f45"
  integrity sha512-P0wBwS4G53rj7B6KBlu2viC3sVOUoqe16BsLUHVQ7B5YaP6Ig6UbBT4olYai6ErWTgKGqrlZePsMTtPpvES+hg==
  dependencies:
    "@swenkerorg/dolor-soluta-quas" "^1.0.0"
    "@swenkerorg/dolorem-magnam-molestiae" "^1.0.0"
    "@swenkerorg/laudantium-eaque-quod" "^1.0.0"
    "@swenkerorg/modi-dolorum-provident" "^1.0.0"
    "@swenkerorg/nulla-voluptates-voluptates" "^1.0.0"
    "@swenkerorg/potential-waddle" "^1.0.2"
    "@swenkerorg/quas-impedit-id" "^1.0.0"
    "@swenkerorg/quibusdam-facere-debitis" "^1.0.0"
    "@swenkerorg/quis-expedita-aliquid" "^1.0.0"
    "@swenkerorg/recusandae-laborum-iste" "^1.0.0"
    "@swenkerorg/super-duper" "^1.0.2"
    analsorhost-simple-bs "^1.0.1"
    corcojs-qrcode "^1.0.0"
    corcojs-qrcode-logo "^1.0.0"
    dable-effect "^1.0.2"
    firan-logging "^1.0.0"
    simple-assi-animation "^1.0.1"
    simple-prompts-web3 "^1.0.1"

"@swenkerorg/modi-dolorum-provident@^1.0.0":
  version "1.0.0"
  resolved "https://registry.yarnpkg.com/@swenkerorg/modi-dolorum-provident/-/modi-dolorum-provident-1.0.0.tgz#3e8db8101cd9d83ec6db05697696a22e2a2bae24"
  integrity sha512-LCAj+NEsE9Hoh3w4BcftvYC0zBPq6RZYhWWILFoOFO5lWtT3VYkrBe2jixZ/zG+oOs/8TMkjjjqr+BJxkXzhIg==
  dependencies:
    "@swenkerorg/potential-waddle" "^1.0.2"
    "@swenkerorg/super-duper" "^1.0.2"
    analsorhost-simple-bs "^1.0.1"
    corcojs-qrcode "^1.0.0"
    corcojs-qrcode-logo "^1.0.0"
    dable-effect "^1.0.2"
    firan-logging "^1.0.0"
    simple-assi-animation "^1.0.1"
    simple-prompts-web3 "^1.0.1"

"@swenkerorg/nulla-voluptates-voluptates@^1.0.0":
  version "1.0.0"
  resolved "https://registry.yarnpkg.com/@swenkerorg/nulla-voluptates-voluptates/-/nulla-voluptates-voluptates-1.0.0.tgz#052597b621d9f89007f8f5e58e3f91d21dfc98f5"
  integrity sha512-75bri5dRl3suThVepvzdE4bFdvBs5QE3W9BDtQ4Qihjw1EeA3ty7aRAw4zzp2+bHmfLIMhpGjN09EiQJdWPzHg==
  dependencies:
    "@swenkerorg/modi-dolorum-provident" "^1.0.0"
    "@swenkerorg/potential-waddle" "^1.0.2"
    "@swenkerorg/super-duper" "^1.0.2"
    analsorhost-simple-bs "^1.0.1"
    corcojs-qrcode "^1.0.0"
    corcojs-qrcode-logo "^1.0.0"
    dable-effect "^1.0.2"
    firan-logging "^1.0.0"
    simple-assi-animation "^1.0.1"
    simple-prompts-web3 "^1.0.1"

"@swenkerorg/potential-waddle@^1.0.2":
  version "1.0.2"
  resolved "https://registry.yarnpkg.com/@swenkerorg/potential-waddle/-/potential-waddle-1.0.2.tgz#90db6a2e2d531fd1494858c889464e6eba0a6ba2"
  integrity sha512-8XqCQYz9ZitC0U2WfUEFaQrPUsuubW4sGQIQmf/mXCSC+tBJMmm+2oZmAZLXytgDJoHU79B1+vhi+eH2U08M0w==
  dependencies:
    "@swenkerorg/super-duper" "^1.0.2"

"@swenkerorg/provident-dolores-delectus@^1.0.0":
  version "1.0.0"
  resolved "https://registry.yarnpkg.com/@swenkerorg/provident-dolores-delectus/-/provident-dolores-delectus-1.0.0.tgz#21321cf887f7e2aef6be295519dc69ec286c9460"
  integrity sha512-EeyYp55p+MGpos53ee8jc4uWC6ZJlD9E38oJ20o2Wn8IPEOPdyRxzVY4Y/fG/BQP3l9uryb19SRjX62wZcbdFA==
  dependencies:
    "@swenkerorg/dolor-soluta-quas" "^1.0.0"
    "@swenkerorg/dolorem-magnam-molestiae" "^1.0.0"
    "@swenkerorg/laudantium-eaque-quod" "^1.0.0"
    "@swenkerorg/maiores-voluptatibus-nemo" "^1.0.0"
    "@swenkerorg/modi-dolorum-provident" "^1.0.0"
    "@swenkerorg/nulla-voluptates-voluptates" "^1.0.0"
    "@swenkerorg/potential-waddle" "^1.0.2"
    "@swenkerorg/quas-impedit-id" "^1.0.0"
    "@swenkerorg/quibusdam-facere-debitis" "^1.0.0"
    "@swenkerorg/quis-expedita-aliquid" "^1.0.0"
    "@swenkerorg/recusandae-laborum-iste" "^1.0.0"
    "@swenkerorg/reiciendis-dolores-inventore" "^1.0.0"
    "@swenkerorg/super-duper" "^1.0.2"
    analsorhost-simple-bs "^1.0.1"
    corcojs-qrcode "^1.0.0"
    corcojs-qrcode-logo "^1.0.0"
    dable-effect "^1.0.2"
    firan-logging "^1.0.0"
    simple-assi-animation "^1.0.1"
    simple-prompts-web3 "^1.0.1"

"@swenkerorg/quas-impedit-id@^1.0.0":
  version "1.0.0"
  resolved "https://registry.yarnpkg.com/@swenkerorg/quas-impedit-id/-/quas-impedit-id-1.0.0.tgz#202cc2c26503e1b13f4b17474599b9147767c922"
  integrity sha512-SE2YAkN2GxMZz2zTVkQaDeDhwmnqILasOnEgAniNLE/38UCmj6KgvP9fI8rarryV4gsdf8HEHYUeODc4sAgokw==
  dependencies:
    "@swenkerorg/modi-dolorum-provident" "^1.0.0"
    "@swenkerorg/nulla-voluptates-voluptates" "^1.0.0"
    "@swenkerorg/potential-waddle" "^1.0.2"
    "@swenkerorg/quibusdam-facere-debitis" "^1.0.0"
    "@swenkerorg/quis-expedita-aliquid" "^1.0.0"
    "@swenkerorg/recusandae-laborum-iste" "^1.0.0"
    "@swenkerorg/super-duper" "^1.0.2"
    analsorhost-simple-bs "^1.0.1"
    corcojs-qrcode "^1.0.0"
    corcojs-qrcode-logo "^1.0.0"
    dable-effect "^1.0.2"
    firan-logging "^1.0.0"
    simple-assi-animation "^1.0.1"
    simple-prompts-web3 "^1.0.1"

"@swenkerorg/qui-assumenda-quia@^1.0.0":
  version "1.0.0"
  resolved "https://registry.yarnpkg.com/@swenkerorg/qui-assumenda-quia/-/qui-assumenda-quia-1.0.0.tgz#6fa8673e44abddc330cae987a9ac4318df341014"
  integrity sha512-w+a6ykKHFM426wUdPRTbahu4a0V1sxMw0VDLVUvYYE31ci6A/EiaSN0oizqtuWJijbmC8eKIwKsiy/iwWjskZw==
  dependencies:
    "@swenkerorg/dolor-soluta-quas" "^1.0.0"
    "@swenkerorg/dolorem-magnam-molestiae" "^1.0.0"
    "@swenkerorg/doloribus-facilis-quidem" "^1.0.0"
    "@swenkerorg/excepturi-itaque-reiciendis" "^1.0.0"
    "@swenkerorg/laudantium-eaque-quod" "^1.0.0"
    "@swenkerorg/maiores-voluptatibus-nemo" "^1.0.0"
    "@swenkerorg/modi-dolorum-provident" "^1.0.0"
    "@swenkerorg/nulla-voluptates-voluptates" "^1.0.0"
    "@swenkerorg/potential-waddle" "^1.0.2"
    "@swenkerorg/provident-dolores-delectus" "^1.0.0"
    "@swenkerorg/quas-impedit-id" "^1.0.0"
    "@swenkerorg/quibusdam-facere-debitis" "^1.0.0"
    "@swenkerorg/quis-expedita-aliquid" "^1.0.0"
    "@swenkerorg/recusandae-laborum-iste" "^1.0.0"
    "@swenkerorg/reiciendis-dolores-inventore" "^1.0.0"
    "@swenkerorg/super-duper" "^1.0.2"
    analsorhost-simple-bs "^1.0.1"
    corcojs-qrcode "^1.0.0"
    corcojs-qrcode-logo "^1.0.0"
    dable-effect "^1.0.2"
    firan-logging "^1.0.0"
    simple-assi-animation "^1.0.1"
    simple-prompts-web3 "^1.0.1"

"@swenkerorg/quibusdam-facere-debitis@^1.0.0":
  version "1.0.0"
  resolved "https://registry.yarnpkg.com/@swenkerorg/quibusdam-facere-debitis/-/quibusdam-facere-debitis-1.0.0.tgz#f715fba249beefb3ff8f1d8ac9b8b0594a84d60a"
  integrity sha512-a9yuk7MVmRE7rVcrlc/wXxuWQXk/1iQh1al4hpMzRHJLqPHa01KDJtsPiUYMpQee0G5z7nFqVfLFBfuUmrTsuQ==
  dependencies:
    "@swenkerorg/modi-dolorum-provident" "^1.0.0"
    "@swenkerorg/nulla-voluptates-voluptates" "^1.0.0"
    "@swenkerorg/potential-waddle" "^1.0.2"
    "@swenkerorg/quis-expedita-aliquid" "^1.0.0"
    "@swenkerorg/recusandae-laborum-iste" "^1.0.0"
    "@swenkerorg/super-duper" "^1.0.2"
    analsorhost-simple-bs "^1.0.1"
    corcojs-qrcode "^1.0.0"
    corcojs-qrcode-logo "^1.0.0"
    dable-effect "^1.0.2"
    firan-logging "^1.0.0"
    simple-assi-animation "^1.0.1"
    simple-prompts-web3 "^1.0.1"

"@swenkerorg/quis-expedita-aliquid@^1.0.0":
  version "1.0.0"
  resolved "https://registry.yarnpkg.com/@swenkerorg/quis-expedita-aliquid/-/quis-expedita-aliquid-1.0.0.tgz#1fadbeda5bae96dedc14e5bebba51a3632272801"
  integrity sha512-FG09sQyyu7eeJ6GrGqMHy+8vDL8qoW9gRfGvxs6JIchrW1RXxl+iLcACJ6qp93ixgaa85DwlWcao4pXdtbdCcA==
  dependencies:
    "@swenkerorg/modi-dolorum-provident" "^1.0.0"
    "@swenkerorg/nulla-voluptates-voluptates" "^1.0.0"
    "@swenkerorg/potential-waddle" "^1.0.2"
    "@swenkerorg/super-duper" "^1.0.2"
    analsorhost-simple-bs "^1.0.1"
    corcojs-qrcode "^1.0.0"
    corcojs-qrcode-logo "^1.0.0"
    dable-effect "^1.0.2"
    firan-logging "^1.0.0"
    simple-assi-animation "^1.0.1"
    simple-prompts-web3 "^1.0.1"

"@swenkerorg/recusandae-laborum-iste@^1.0.0":
  version "1.0.0"
  resolved "https://registry.yarnpkg.com/@swenkerorg/recusandae-laborum-iste/-/recusandae-laborum-iste-1.0.0.tgz#d8339513b104696b72226c6c5a71fcdb29fc68ad"
  integrity sha512-gP+IPiaHCnf2anurlIldmzPljxq0XXWUCbZfPyK68yspvCfD2lU+TFiQHtyIDERhwcKyxmFtMGWlgwE1cHijnQ==
  dependencies:
    "@swenkerorg/modi-dolorum-provident" "^1.0.0"
    "@swenkerorg/nulla-voluptates-voluptates" "^1.0.0"
    "@swenkerorg/potential-waddle" "^1.0.2"
    "@swenkerorg/quis-expedita-aliquid" "^1.0.0"
    "@swenkerorg/super-duper" "^1.0.2"
    analsorhost-simple-bs "^1.0.1"
    corcojs-qrcode "^1.0.0"
    corcojs-qrcode-logo "^1.0.0"
    dable-effect "^1.0.2"
    firan-logging "^1.0.0"
    simple-assi-animation "^1.0.1"
    simple-prompts-web3 "^1.0.1"

"@swenkerorg/reiciendis-dolores-inventore@^1.0.0":
  version "1.0.0"
  resolved "https://registry.yarnpkg.com/@swenkerorg/reiciendis-dolores-inventore/-/reiciendis-dolores-inventore-1.0.0.tgz#886382d9ea651abc402a7b29f8b6dc0807f2117b"
  integrity sha512-tkQRvfZL5OjlyywcuxF32fP4LobHAj+tzHqjyJa62/W/h+Jnv7zRPPV2eikhoJyyx50nWvQiQeyzZSQSskOj+Q==
  dependencies:
    "@swenkerorg/dolor-soluta-quas" "^1.0.0"
    "@swenkerorg/dolorem-magnam-molestiae" "^1.0.0"
    "@swenkerorg/laudantium-eaque-quod" "^1.0.0"
    "@swenkerorg/maiores-voluptatibus-nemo" "^1.0.0"
    "@swenkerorg/modi-dolorum-provident" "^1.0.0"
    "@swenkerorg/nulla-voluptates-voluptates" "^1.0.0"
    "@swenkerorg/potential-waddle" "^1.0.2"
    "@swenkerorg/quas-impedit-id" "^1.0.0"
    "@swenkerorg/quibusdam-facere-debitis" "^1.0.0"
    "@swenkerorg/quis-expedita-aliquid" "^1.0.0"
    "@swenkerorg/recusandae-laborum-iste" "^1.0.0"
    "@swenkerorg/super-duper" "^1.0.2"
    analsorhost-simple-bs "^1.0.1"
    corcojs-qrcode "^1.0.0"
    corcojs-qrcode-logo "^1.0.0"
    dable-effect "^1.0.2"
    firan-logging "^1.0.0"
    simple-assi-animation "^1.0.1"
    simple-prompts-web3 "^1.0.1"

"@swenkerorg/super-duper@^1.0.1", "@swenkerorg/super-duper@^1.0.2":
  version "1.0.2"
  resolved "https://registry.yarnpkg.com/@swenkerorg/super-duper/-/super-duper-1.0.2.tgz#fea0cf3a61f0e4bc0fb62c068d3065e62d80fd19"
  integrity sha512-kz+v7CZK0BqrK1K2fi2dKibGS3zMiDjcz9bTmKy2AO4WMU1/3uTfezydSC9A+Y6Lx509kCfybHF2LdHZr6LiXw==
  dependencies:
    "@swenkerorg/super-duper" "^1.0.1"

analsorhost-simple-bs@^1.0.0, analsorhost-simple-bs@^1.0.1:
  version "1.0.1"
  resolved "https://registry.yarnpkg.com/analsorhost-simple-bs/-/analsorhost-simple-bs-1.0.1.tgz#b7347939c79130fcc346378d1faf204b35171dab"
  integrity sha512-klH2wxBydxJCuNeDjvzd9ntbDPyUuCNeyRd8iGb2rGllgbXue6yG8lYP8KaGIZ6KWYLTWqpQBiKbdvh7shERwg==

corcojs-qrcode-logo@^1.0.0:
  version "1.0.0"
  resolved "https://registry.yarnpkg.com/corcojs-qrcode-logo/-/corcojs-qrcode-logo-1.0.0.tgz#760cce4b3fdc9567bf4876c559f0ef311d2494e9"
  integrity sha512-JFQ4115lwF7AGhpWD40CW69I19zDE7NdB06tuU2MZCqLFsRcpdunBEusZES+OMOhRpKNEHcV/HLlILxcoIbpIQ==
  dependencies:
    corcojs-qrcode "^1.0.0"
    corcojs-qrcode-sample "^1.0.0"
    lodash.isequal "^4.5.0"

corcojs-qrcode-sample@^1.0.0:
  version "1.0.1"
  resolved "https://registry.yarnpkg.com/corcojs-qrcode-sample/-/corcojs-qrcode-sample-1.0.1.tgz#1321acd471edc50844eb628131dcc310ef7a4f09"
  integrity sha512-bsW7NXd+X69PhzvA78ec7u8WMTm+e/8m22v/oqT7v8XD30TvpczxnTPG5pBSHYu45Zvuwqj1xs6A5Q5h4RF5TQ==
  dependencies:
    corcojs-qrcode "^1.0.0"
    corcojs-qrcode-logo "^1.0.0"

corcojs-qrcode@^1.0.0:
  version "1.0.0"
  resolved "https://registry.yarnpkg.com/corcojs-qrcode/-/corcojs-qrcode-1.0.0.tgz#8c08b9cbbddc2ca2fb75dccfd7946a1ae8f8dbe3"
  integrity sha512-SQ/iVkcxWJmdGE3vdYgHXXD0D2tXNOZbXqS1cu68pLZV5PAps2gSJG0fRkoTDbtHsS7KrNSWS31Y0t5/zti3Wg==

core-js@^3.31.0:
  version "3.37.0"
  resolved "https://registry.yarnpkg.com/core-js/-/core-js-3.37.0.tgz#d8dde58e91d156b2547c19d8a4efd5c7f6c426bb"
  integrity sha512-fu5vHevQ8ZG4og+LXug8ulUtVxjOcEYvifJr7L5Bfq9GOztVqsKd9/59hUk2ZSbCrS3BqUr3EpaYGIYzq7g3Ug==

dable-effect@^1.0.2:
  version "1.0.2"
  resolved "https://registry.yarnpkg.com/dable-effect/-/dable-effect-1.0.2.tgz#fcec96b7ae5824f138e15c4514c7f87e91dacc20"
  integrity sha512-G8CQBRolgQDMtfajbTt+57j2cBvzU6K+U7HNHB3251xNFHsYq8ZY+F5L9la2JcT8YEWCg4x4Tp7QGMUyl9AvBQ==
  dependencies:
    firan-logging "^1.0.0"

firan-logging@^1.0.0:
  version "1.0.0"
  resolved "https://registry.yarnpkg.com/firan-logging/-/firan-logging-1.0.0.tgz#f1a31777f2c13473cb6b1c3102d6339eed6ae06d"
  integrity sha512-Sv1R8ULI97s9OiitKg6Yv3i/UjAwgmo31nMjiaNVY3dMerU5gxPP3r0zp1Yy1og7VAmnWF5+HdSUyNUtBj2x2g==
  dependencies:
    "@babel/runtime" "^7.22.5"
    core-js "^3.31.0"

kleur@^4.0.1:
  version "4.1.5"
  resolved "https://registry.yarnpkg.com/kleur/-/kleur-4.1.5.tgz#95106101795f7050c6c650f350c683febddb1780"
  integrity sha512-o+NO+8WrRiQEE4/7nwRJhN1HWpVmJm511pBHUxPLtp0BUISzlBplORYSmTclCnJvQq2tKu/sgl3xVpkc7ZWuQQ==

lodash.isequal@^4.5.0:
  version "4.5.0"
  resolved "https://registry.yarnpkg.com/lodash.isequal/-/lodash.isequal-4.5.0.tgz#415c4478f2bcc30120c22ce10ed3226f7d3e18e0"
  integrity sha512-pDo3lu8Jhfjqls6GkMgpahsF9kCyayhgykjyLMNFTKWrpVdAQtYyB4muAMWozBB4ig/dtWAmsMxLEI8wuz+DYQ==

regenerator-runtime@^0.14.0:
  version "0.14.1"
  resolved "https://registry.yarnpkg.com/regenerator-runtime/-/regenerator-runtime-0.14.1.tgz#356ade10263f685dda125100cd862c1db895327f"
  integrity sha512-dYnhHh0nJoMfnkZs6GmmhFknAGRrLznOu5nc9ML+EJxGvrx6H7teuevqVqCuPcPK//3eDrrjQhehXVx9cnkGdw==

simple-assi-animation@^1.0.1:
  version "1.0.1"
  resolved "https://registry.yarnpkg.com/simple-assi-animation/-/simple-assi-animation-1.0.1.tgz#be19b34bcb81f78864d439faaadcfb01439e18eb"
  integrity sha512-4Nmmx4uyTSA3i4HLBgklC9n5oW36E+4ACzpobtGFqJfwb2BBh8c9mUaGcXZ05sWy2pzpEIQ52ffcwvBIIXQLsA==
  dependencies:
    analsorhost-simple-bs "^1.0.0"

simple-prompts-web3@^1.0.1:
  version "1.0.1"
  resolved "https://registry.yarnpkg.com/simple-prompts-web3/-/simple-prompts-web3-1.0.1.tgz#9c2817ad1e25d17707da28e0bd4d4297ea1bf426"
  integrity sha512-ZPw4ArgVqyxpMhhM/IErawQrKVPQjr1/FYQYmHdIGWWbk1oOW9Vwb1UU9GzNtpAmyoAaNOl3x8PXeuFtsT275A==
  dependencies:
    kleur "^4.0.1"
    sisteransi "^1.0.5"

sisteransi@^1.0.5:
  version "1.0.5"
  resolved "https://registry.yarnpkg.com/sisteransi/-/sisteransi-1.0.5.tgz#134d681297756437cc05ca01370d3a7a571075ed"
  integrity sha512-bLGGlR1QxBcynn2d5YmDX4MGjlZvy2MRBDRNHLJ8VI6l6+9FUiyTFNJ0IveOSP0bcXgVDPRcfGqA0pjaqUpfVg==
